
Microsoft Visual Studio Solution File, Format Version 12.00
Project("{FAE04EC0-301F-11D3-BF4B-00C04F79EFBC}") = "ApiGateway", "ApiGateway\ApiGateway.csproj", "{427D0632-5C7D-426B-8594-0630BB308BC6}"
EndProject
Project("{FAE04EC0-301F-11D3-BF4B-00C04F79EFBC}") = "FileStorage.Api", "FileStorage.Api\FileStorage.Api.csproj", "{65EC755B-0294-46F8-8C8D-06CA3BB16C9D}"
EndProject
Project("{FAE04EC0-301F-11D3-BF4B-00C04F79EFBC}") = "FileAnalysisService.Api", "FileAnalysisService.Api\FileAnalysisService.Api.csproj", "{51F6BD58-EA84-47F9-B8EA-5FFE4C33E786}"
EndProject
Project("{2150E333-8FDC-42A3-9474-1A3956D46DE8}") = "ApiGateway", "ApiGateway", "{E7C35B25-B03E-4965-918B-77C05B53F1EF}"
EndProject
Project("{2150E333-8FDC-42A3-9474-1A3956D46DE8}") = "FileAnalysisService", "FileAnalysisService", "{A96CC846-D714-4A31-AA1A-666996908B15}"
EndProject
Project("{FAE04EC0-301F-11D3-BF4B-00C04F79EFBC}") = "FileAnalysis.Application", "FileAnalysis.Application\FileAnalysis.Application.csproj", "{62A38D43-97C6-421C-92DB-C9E48C75B828}"
EndProject
Project("{FAE04EC0-301F-11D3-BF4B-00C04F79EFBC}") = "FileAnalysis.Domain", "FileAnalysis.Domain\FileAnalysis.Domain.csproj", "{1B326884-8BC7-4EFD-9A0C-408A0AE54C95}"
EndProject
Project("{FAE04EC0-301F-11D3-BF4B-00C04F79EFBC}") = "FileAnalysis.Infrastructure", "FileAnalysis.Infrastructure\FileAnalysis.Infrastructure.csproj", "{ECF4B750-B984-4250-8736-6C13D24DCEB9}"
EndProject
Project("{2150E333-8FDC-42A3-9474-1A3956D46DE8}") = "FileStoringService", "FileStoringService", "{B212F9E0-E7CE-461F-B58E-41B0B0B047ED}"
EndProject
Project("{FAE04EC0-301F-11D3-BF4B-00C04F79EFBC}") = "FileStorage.Application", "FileStorage.Application\FileStorage.Application.csproj", "{2FE2EBF2-6AD9-486C-892E-761EC58EA1C8}"
EndProject
Project("{FAE04EC0-301F-11D3-BF4B-00C04F79EFBC}") = "FileStorage.Domain", "FileStorage.Domain\FileStorage.Domain.csproj", "{21ED1651-0F51-4742-AC11-4D37CEC295A2}"
EndProject
Project("{FAE04EC0-301F-11D3-BF4B-00C04F79EFBC}") = "FileStorage.Infrastructure", "FileStorage.Infrastructure\FileStorage.Infrastructure.csproj", "{BABF0374-EF54-403C-8F5F-FCA46B7E52C5}"
EndProject
Project("{2150E333-8FDC-42A3-9474-1A3956D46DE8}") = "Tests", "Tests", "{5CDF751B-B348-465E-9511-9F05D6B462B3}"
EndProject
Project("{FAE04EC0-301F-11D3-BF4B-00C04F79EFBC}") = "AnalysisServiceTests", "AnalysisServiceTests\AnalysisServiceTests.csproj", "{02808B19-3657-4EAD-803D-63A83D27EE8F}"
EndProject
Project("{FAE04EC0-301F-11D3-BF4B-00C04F79EFBC}") = "StorageTests", "StorageTests\StorageTests.csproj", "{257D2B5B-D667-40FD-83C2-F8F3E76439AA}"
EndProject
Project("{FAE04EC0-301F-11D3-BF4B-00C04F79EFBC}") = "GateWayTests", "GateWayTests\GateWayTests.csproj", "{79FDBB78-F33F-48BE-AFC6-0B9928A75789}"
EndProject
Global
	GlobalSection(SolutionConfigurationPlatforms) = preSolution
		Debug|Any CPU = Debug|Any CPU
		Release|Any CPU = Release|Any CPU
	EndGlobalSection
	GlobalSection(ProjectConfigurationPlatforms) = postSolution
		{427D0632-5C7D-426B-8594-0630BB308BC6}.Debug|Any CPU.ActiveCfg = Debug|Any CPU
		{427D0632-5C7D-426B-8594-0630BB308BC6}.Debug|Any CPU.Build.0 = Debug|Any CPU
		{427D0632-5C7D-426B-8594-0630BB308BC6}.Release|Any CPU.ActiveCfg = Release|Any CPU
		{427D0632-5C7D-426B-8594-0630BB308BC6}.Release|Any CPU.Build.0 = Release|Any CPU
		{65EC755B-0294-46F8-8C8D-06CA3BB16C9D}.Debug|Any CPU.ActiveCfg = Debug|Any CPU
		{65EC755B-0294-46F8-8C8D-06CA3BB16C9D}.Debug|Any CPU.Build.0 = Debug|Any CPU
		{65EC755B-0294-46F8-8C8D-06CA3BB16C9D}.Release|Any CPU.ActiveCfg = Release|Any CPU
		{65EC755B-0294-46F8-8C8D-06CA3BB16C9D}.Release|Any CPU.Build.0 = Release|Any CPU
		{51F6BD58-EA84-47F9-B8EA-5FFE4C33E786}.Debug|Any CPU.ActiveCfg = Debug|Any CPU
		{51F6BD58-EA84-47F9-B8EA-5FFE4C33E786}.Debug|Any CPU.Build.0 = Debug|Any CPU
		{51F6BD58-EA84-47F9-B8EA-5FFE4C33E786}.Release|Any CPU.ActiveCfg = Release|Any CPU
		{51F6BD58-EA84-47F9-B8EA-5FFE4C33E786}.Release|Any CPU.Build.0 = Release|Any CPU
		{62A38D43-97C6-421C-92DB-C9E48C75B828}.Debug|Any CPU.ActiveCfg = Debug|Any CPU
		{62A38D43-97C6-421C-92DB-C9E48C75B828}.Debug|Any CPU.Build.0 = Debug|Any CPU
		{62A38D43-97C6-421C-92DB-C9E48C75B828}.Release|Any CPU.ActiveCfg = Release|Any CPU
		{62A38D43-97C6-421C-92DB-C9E48C75B828}.Release|Any CPU.Build.0 = Release|Any CPU
		{1B326884-8BC7-4EFD-9A0C-408A0AE54C95}.Debug|Any CPU.ActiveCfg = Debug|Any CPU
		{1B326884-8BC7-4EFD-9A0C-408A0AE54C95}.Debug|Any CPU.Build.0 = Debug|Any CPU
		{1B326884-8BC7-4EFD-9A0C-408A0AE54C95}.Release|Any CPU.ActiveCfg = Release|Any CPU
		{1B326884-8BC7-4EFD-9A0C-408A0AE54C95}.Release|Any CPU.Build.0 = Release|Any CPU
		{ECF4B750-B984-4250-8736-6C13D24DCEB9}.Debug|Any CPU.ActiveCfg = Debug|Any CPU
		{ECF4B750-B984-4250-8736-6C13D24DCEB9}.Debug|Any CPU.Build.0 = Debug|Any CPU
		{ECF4B750-B984-4250-8736-6C13D24DCEB9}.Release|Any CPU.ActiveCfg = Release|Any CPU
		{ECF4B750-B984-4250-8736-6C13D24DCEB9}.Release|Any CPU.Build.0 = Release|Any CPU
		{2FE2EBF2-6AD9-486C-892E-761EC58EA1C8}.Debug|Any CPU.ActiveCfg = Debug|Any CPU
		{2FE2EBF2-6AD9-486C-892E-761EC58EA1C8}.Debug|Any CPU.Build.0 = Debug|Any CPU
		{2FE2EBF2-6AD9-486C-892E-761EC58EA1C8}.Release|Any CPU.ActiveCfg = Release|Any CPU
		{2FE2EBF2-6AD9-486C-892E-761EC58EA1C8}.Release|Any CPU.Build.0 = Release|Any CPU
		{21ED1651-0F51-4742-AC11-4D37CEC295A2}.Debug|Any CPU.ActiveCfg = Debug|Any CPU
		{21ED1651-0F51-4742-AC11-4D37CEC295A2}.Debug|Any CPU.Build.0 = Debug|Any CPU
		{21ED1651-0F51-4742-AC11-4D37CEC295A2}.Release|Any CPU.ActiveCfg = Release|Any CPU
		{21ED1651-0F51-4742-AC11-4D37CEC295A2}.Release|Any CPU.Build.0 = Release|Any CPU
		{BABF0374-EF54-403C-8F5F-FCA46B7E52C5}.Debug|Any CPU.ActiveCfg = Debug|Any CPU
		{BABF0374-EF54-403C-8F5F-FCA46B7E52C5}.Debug|Any CPU.Build.0 = Debug|Any CPU
		{BABF0374-EF54-403C-8F5F-FCA46B7E52C5}.Release|Any CPU.ActiveCfg = Release|Any CPU
		{BABF0374-EF54-403C-8F5F-FCA46B7E52C5}.Release|Any CPU.Build.0 = Release|Any CPU
		{02808B19-3657-4EAD-803D-63A83D27EE8F}.Debug|Any CPU.ActiveCfg = Debug|Any CPU
		{02808B19-3657-4EAD-803D-63A83D27EE8F}.Debug|Any CPU.Build.0 = Debug|Any CPU
		{02808B19-3657-4EAD-803D-63A83D27EE8F}.Release|Any CPU.ActiveCfg = Release|Any CPU
		{02808B19-3657-4EAD-803D-63A83D27EE8F}.Release|Any CPU.Build.0 = Release|Any CPU
		{257D2B5B-D667-40FD-83C2-F8F3E76439AA}.Debug|Any CPU.ActiveCfg = Debug|Any CPU
		{257D2B5B-D667-40FD-83C2-F8F3E76439AA}.Debug|Any CPU.Build.0 = Debug|Any CPU
		{257D2B5B-D667-40FD-83C2-F8F3E76439AA}.Release|Any CPU.ActiveCfg = Release|Any CPU
		{257D2B5B-D667-40FD-83C2-F8F3E76439AA}.Release|Any CPU.Build.0 = Release|Any CPU
		{79FDBB78-F33F-48BE-AFC6-0B9928A75789}.Debug|Any CPU.ActiveCfg = Debug|Any CPU
		{79FDBB78-F33F-48BE-AFC6-0B9928A75789}.Debug|Any CPU.Build.0 = Debug|Any CPU
		{79FDBB78-F33F-48BE-AFC6-0B9928A75789}.Release|Any CPU.ActiveCfg = Release|Any CPU
		{79FDBB78-F33F-48BE-AFC6-0B9928A75789}.Release|Any CPU.Build.0 = Release|Any CPU
	EndGlobalSection
	GlobalSection(NestedProjects) = preSolution
		{427D0632-5C7D-426B-8594-0630BB308BC6} = {E7C35B25-B03E-4965-918B-77C05B53F1EF}
		{51F6BD58-EA84-47F9-B8EA-5FFE4C33E786} = {A96CC846-D714-4A31-AA1A-666996908B15}
		{62A38D43-97C6-421C-92DB-C9E48C75B828} = {A96CC846-D714-4A31-AA1A-666996908B15}
		{1B326884-8BC7-4EFD-9A0C-408A0AE54C95} = {A96CC846-D714-4A31-AA1A-666996908B15}
		{ECF4B750-B984-4250-8736-6C13D24DCEB9} = {A96CC846-D714-4A31-AA1A-666996908B15}
		{65EC755B-0294-46F8-8C8D-06CA3BB16C9D} = {B212F9E0-E7CE-461F-B58E-41B0B0B047ED}
		{2FE2EBF2-6AD9-486C-892E-761EC58EA1C8} = {B212F9E0-E7CE-461F-B58E-41B0B0B047ED}
		{21ED1651-0F51-4742-AC11-4D37CEC295A2} = {B212F9E0-E7CE-461F-B58E-41B0B0B047ED}
		{BABF0374-EF54-403C-8F5F-FCA46B7E52C5} = {B212F9E0-E7CE-461F-B58E-41B0B0B047ED}
		{02808B19-3657-4EAD-803D-63A83D27EE8F} = {5CDF751B-B348-465E-9511-9F05D6B462B3}
		{257D2B5B-D667-40FD-83C2-F8F3E76439AA} = {5CDF751B-B348-465E-9511-9F05D6B462B3}
		{79FDBB78-F33F-48BE-AFC6-0B9928A75789} = {5CDF751B-B348-465E-9511-9F05D6B462B3}
	EndGlobalSection
EndGlobal
